// !$*UTF8*$!
{
	archiveVersion = 1;
	classes = {
	};
	objectVersion = 46;
	objects = {

/* Begin PBXBuildFile section */
		019AB8E01F6187090031E648 /* main.m in Sources */ = {isa = PBXBuildFile; fileRef = 019AB8DF1F6187090031E648 /* main.m */; };
		019AB8E81F61873E0031E648 /* Subscription.m in Sources */ = {isa = PBXBuildFile; fileRef = 019AB8E71F61873E0031E648 /* Subscription.m */; };
		019AB8EB1F6187BF0031E648 /* Forecast.m in Sources */ = {isa = PBXBuildFile; fileRef = 019AB8EA1F6187BF0031E648 /* Forecast.m */; };
/* End PBXBuildFile section */

/* Begin PBXCopyFilesBuildPhase section */
		019AB8DA1F6187090031E648 /* CopyFiles */ = {
			isa = PBXCopyFilesBuildPhase;
			buildActionMask = 2147483647;
			dstPath = /usr/share/man/man1/;
			dstSubfolderSpec = 0;
			files = (
			);
			runOnlyForDeploymentPostprocessing = 1;
		};
/* End PBXCopyFilesBuildPhase section */

/* Begin PBXFileReference section */
		019AB8DC1F6187090031E648 /* SubscriptionForecast */ = {isa = PBXFileReference; explicitFileType = "compiled.mach-o.executable"; includeInIndex = 0; path = SubscriptionForecast; sourceTree = BUILT_PRODUCTS_DIR; };
		019AB8DF1F6187090031E648 /* main.m */ = {isa = PBXFileReference; lastKnownFileType = sourcecode.c.objc; path = main.m; sourceTree = "<group>"; };
		019AB8E61F61873E0031E648 /* Subscription.h */ = {isa = PBXFileReference; fileEncoding = 4; lastKnownFileType = sourcecode.c.h; path = Subscription.h; sourceTree = "<group>"; };
		019AB8E71F61873E0031E648 /* Subscription.m */ = {isa = PBXFileReference; fileEncoding = 4; lastKnownFileType = sourcecode.c.objc; path = Subscription.m; sourceTree = "<group>"; };
		019AB8E91F6187BF0031E648 /* Forecast.h */ = {isa = PBXFileReference; fileEncoding = 4; lastKnownFileType = sourcecode.c.h; path = Forecast.h; sourceTree = "<group>"; };
		019AB8EA1F6187BF0031E648 /* Forecast.m */ = {isa = PBXFileReference; fileEncoding = 4; lastKnownFileType = sourcecode.c.objc; path = Forecast.m; sourceTree = "<group>"; };
/* End PBXFileReference section */

/* Begin PBXFrameworksBuildPhase section */
		019AB8D91F6187090031E648 /* Frameworks */ = {
			isa = PBXFrameworksBuildPhase;
			buildActionMask = 2147483647;
			files = (
			);
			runOnlyForDeploymentPostprocessing = 0;
		};
/* End PBXFrameworksBuildPhase section */

/* Begin PBXGroup section */
		019AB8D31F6187090031E648 = {
			isa = PBXGroup;
			children = (
				019AB8DE1F6187090031E648 /* SubscriptionForecast */,
				019AB8DD1F6187090031E648 /* Products */,
			);
			sourceTree = "<group>";
		};
		019AB8DD1F6187090031E648 /* Products */ = {
			isa = PBXGroup;
			children = (
				019AB8DC1F6187090031E648 /* SubscriptionForecast */,
			);
			name = Products;
			sourceTree = "<group>";
		};
		019AB8DE1F6187090031E648 /* SubscriptionForecast */ = {
			isa = PBXGroup;
			children = (
				019AB8DF1F6187090031E648 /* main.m */,
				019AB8E91F6187BF0031E648 /* Forecast.h */,
				019AB8EA1F6187BF0031E648 /* Forecast.m */,
				019AB8E61F61873E0031E648 /* Subscription.h */,
				019AB8E71F61873E0031E648 /* Subscription.m */,
			);
			path = SubscriptionForecast;
			sourceTree = "<group>";
		};
/* End PBXGroup section */

/* Begin PBXNativeTarget section */
		019AB8DB1F6187090031E648 /* SubscriptionForecast */ = {
			isa = PBXNativeTarget;
			buildConfigurationList = 019AB8E31F6187090031E648 /* Build configuration list for PBXNativeTarget "SubscriptionForecast" */;
			buildPhases = (
				019AB8D81F6187090031E648 /* Sources */,
				019AB8D91F6187090031E648 /* Frameworks */,
				019AB8DA1F6187090031E648 /* CopyFiles */,
			);
			buildRules = (
			);
			dependencies = (
			);
			name = SubscriptionForecast;
			productName = SubscriptionForecast;
			productReference = 019AB8DC1F6187090031E648 /* SubscriptionForecast */;
			productType = "com.apple.product-type.tool";
		};
/* End PBXNativeTarget section */

/* Begin PBXProject section */
		019AB8D41F6187090031E648 /* Project object */ = {
			isa = PBXProject;
			attributes = {
				LastUpgradeCheck = 0940;
				ORGANIZATIONNAME = "Frank Illenberger";
				TargetAttributes = {
					019AB8DB1F6187090031E648 = {
						CreatedOnToolsVersion = 8.3.3;
						ProvisioningStyle = Automatic;
					};
				};
			};
			buildConfigurationList = 019AB8D71F6187090031E648 /* Build configuration list for PBXProject "SubscriptionForecast" */;
			compatibilityVersion = "Xcode 3.2";
			developmentRegion = English;
			hasScannedForEncodings = 0;
			knownRegions = (
				en,
			);
			mainGroup = 019AB8D31F6187090031E648;
			productRefGroup = 019AB8DD1F6187090031E648 /* Products */;
			projectDirPath = "";
			projectRoot = "";
			targets = (
				019AB8DB1F6187090031E648 /* SubscriptionForecast */,
			);
		};
/* End PBXProject section */

/* Begin PBXSourcesBuildPhase section */
		019AB8D81F6187090031E648 /* Sources */ = {
			isa = PBXSourcesBuildPhase;
			buildActionMask = 2147483647;
			files = (
				019AB8EB1F6187BF0031E648 /* Forecast.m in Sources */,
				019AB8E81F61873E0031E648 /* Subscription.m in Sources */,
				019AB8E01F6187090031E648 /* main.m in Sources */,
			);
			runOnlyForDeploymentPostprocessing = 0;
		};
/* End PBXSourcesBuildPhase section */

/* Begin XCBuildConfiguration section */
		019AB8E11F6187090031E648 /* Debug */ = {
			isa = XCBuildConfiguration;
			buildSettings = {
				ALWAYS_SEARCH_USER_PATHS = NO;
				CLANG_ANALYZER_NONNULL = YES;
				CLANG_ANALYZER_NUMBER_OBJECT_CONVERSION = YES_AGGRESSIVE;
				CLANG_CXX_LANGUAGE_STANDARD = "gnu++0x";
				CLANG_CXX_LIBRARY = "libc++";
				CLANG_ENABLE_MODULES = YES;
				CLANG_ENABLE_OBJC_ARC = YES;
				CLANG_WARN_BOOL_CONVERSION = YES;
				CLANG_WARN_CONSTANT_CONVERSION = YES;
				CLANG_WARN_DIRECT_OBJC_ISA_USAGE = YES_ERROR;
				CLANG_WARN_DOCUMENTATION_COMMENTS = YES;
				CLANG_WARN_EMPTY_BODY = YES;
				CLANG_WARN_ENUM_CONVERSION = YES;
				CLANG_WARN_INFINITE_RECURSION = YES;
				CLANG_WARN_INT_CONVERSION = YES;
				CLANG_WARN_OBJC_ROOT_CLASS = YES_ERROR;
				CLANG_WARN_SUSPICIOUS_MOVE = YES;
				CLANG_WARN_UNREACHABLE_CODE = YES;
				CLANG_WARN__DUPLICATE_METHOD_MATCH = YES;
				CODE_SIGN_IDENTITY = "-";
				COPY_PHASE_STRIP = NO;
				DEBUG_INFORMATION_FORMAT = dwarf;
				ENABLE_STRICT_OBJC_MSGSEND = YES;
				ENABLE_TESTABILITY = YES;
				GCC_C_LANGUAGE_STANDARD = gnu99;
				GCC_DYNAMIC_NO_PIC = NO;
				GCC_NO_COMMON_BLOCKS = YES;
				GCC_OPTIMIZATION_LEVEL = 0;
				GCC_PREPROCESSOR_DEFINITIONS = (
					"DEBUG=1",
					"$(inherited)",
				);
				GCC_WARN_64_TO_32_BIT_CONVERSION = YES;
				GCC_WARN_ABOUT_RETURN_TYPE = YES_ERROR;
				GCC_WARN_UNDECLARED_SELECTOR = YES;
				GCC_WARN_UNINITIALIZED_AUTOS = YES_AGGRESSIVE;
				GCC_WARN_UNUSED_FUNCTION = YES;
				GCC_WARN_UNUSED_VARIABLE = YES;
				MACOSX_DEPLOYMENT_TARGET = 10.12;
				MTL_ENABLE_DEBUG_INFO = YES;
				ONLY_ACTIVE_ARCH = YES;
				SDKROOT = macosx;
			};
			name = Debug;
		};
		019AB8E21F6187090031E648 /* Release */ = {
			isa = XCBuildConfiguration;
			buildSettings = {
				ALWAYS_SEARCH_USER_PATHS = NO;
				CLANG_ANALYZER_NONNULL = YES;
				CLANG_ANALYZER_NUMBER_OBJECT_CONVERSION = YES_AGGRESSIVE;
				CLANG_CXX_LANGUAGE_STANDARD = "gnu++0x";
				CLANG_CXX_LIBRARY = "libc++";
				CLANG_ENABLE_MODULES = YES;
				CLANG_ENABLE_OBJC_ARC = YES;
				CLANG_WARN_BOOL_CONVERSION = YES;
				CLANG_WARN_CONSTANT_CONVERSION = YES;
				CLANG_WARN_DIRECT_OBJC_ISA_USAGE = YES_ERROR;
				CLANG_WARN_DOCUMENTATION_COMMENTS = YES;
				CLANG_WARN_EMPTY_BODY = YES;
				CLANG_WARN_ENUM_CONVERSION = YES;
				CLANG_WARN_INFINITE_RECURSION = YES;
				CLANG_WARN_INT_CONVERSION = YES;
				CLANG_WARN_OBJC_ROOT_CLASS = YES_ERROR;
				CLANG_WARN_SUSPICIOUS_MOVE = YES;
				CLANG_WARN_UNREACHABLE_CODE = YES;
				CLANG_WARN__DUPLICATE_METHOD_MATCH = YES;
				CODE_SIGN_IDENTITY = "-";
				COPY_PHASE_STRIP = NO;
				DEBUG_INFORMATION_FORMAT = "dwarf-with-dsym";
				ENABLE_NS_ASSERTIONS = NO;
				ENABLE_STRICT_OBJC_MSGSEND = YES;
				GCC_C_LANGUAGE_STANDARD = gnu99;
				GCC_NO_COMMON_BLOCKS = YES;
				GCC_WARN_64_TO_32_BIT_CONVERSION = YES;
				GCC_WARN_ABOUT_RETURN_TYPE = YES_ERROR;
				GCC_WARN_UNDECLARED_SELECTOR = YES;
				GCC_WARN_UNINITIALIZED_AUTOS = YES_AGGRESSIVE;
				GCC_WARN_UNUSED_FUNCTION = YES;
				GCC_WARN_UNUSED_VARIABLE = YES;
				MACOSX_DEPLOYMENT_TARGET = 10.12;
				MTL_ENABLE_DEBUG_INFO = NO;
				SDKROOT = macosx;
			};
			name = Release;
		};
		019AB8E41F6187090031E648 /* Debug */ = {
			isa = XCBuildConfiguration;
			buildSettings = {
				PRODUCT_NAME = "$(TARGET_NAME)";
			};
			name = Debug;
		};
		019AB8E51F6187090031E648 /* Release */ = {
			isa = XCBuildConfiguration;
			buildSettings = {
				PRODUCT_NAME = "$(TARGET_NAME)";
			};
			name = Release;
		};
/* End XCBuildConfiguration section */

/* Begin XCConfigurationList section */
		019AB8D71F6187090031E648 /* Build configuration list for PBXProject "SubscriptionForecast" */ = {
			isa = XCConfigurationList;
			buildConfigurations = (
				019AB8E11F6187090031E648 /* Debug */,
				019AB8E21F6187090031E648 /* Release */,
			);
			defaultConfigurationIsVisible = 0;
			defaultConfigurationName = Release;
		};
		019AB8E31F6187090031E648 /* Build configuration list for PBXNativeTarget "SubscriptionForecast" */ = {
			isa = XCConfigurationList;
			buildConfigurations = (
				019AB8E41F6187090031E648 /* Debug */,
				019AB8E51F6187090031E648 /* Release */,
			);
			defaultConfigurationIsVisible = 0;
			defaultConfigurationName = Release;
		};
/* End XCConfigurationList section */
	};
	rootObject = 019AB8D41F6187090031E648 /* Project object */;
}
